
Microsoft Visual Studio Solution File, Format Version 12.00
# Visual Studio Version 16
VisualStudioVersion = 16.0.30907.101
MinimumVisualStudioVersion = 10.0.40219.1
Project("{FAE04EC0-301F-11D3-BF4B-00C04F79EFBC}") = "ConsoleApp1", "ConsoleApp1\ConsoleApp1.csproj", "{61C0BA4D-AC5B-4BA5-ADCA-FDB18AB52119}"
EndProject
Project("{FAE04EC0-301F-11D3-BF4B-00C04F79EFBC}") = "ClassLibrary1", "ClassLibrary1\ClassLibrary1.csproj", "{DCC1B424-257A-4E24-B235-8F7D4D265134}"
EndProject
Global
	GlobalSection(SolutionConfigurationPlatforms) = preSolution
		Debug|Any CPU = Debug|Any CPU
		Release|Any CPU = Release|Any CPU
	EndGlobalSection
	GlobalSection(ProjectConfigurationPlatforms) = postSolution
		{61C0BA4D-AC5B-4BA5-ADCA-FDB18AB52119}.Debug|Any CPU.ActiveCfg = Debug|Any CPU
		{61C0BA4D-AC5B-4BA5-ADCA-FDB18AB52119}.Debug|Any CPU.Build.0 = Debug|Any CPU
		{61C0BA4D-AC5B-4BA5-ADCA-FDB18AB52119}.Release|Any CPU.ActiveCfg = Release|Any CPU
		{61C0BA4D-AC5B-4BA5-ADCA-FDB18AB52119}.Release|Any CPU.Build.0 = Release|Any CPU
		{DCC1B424-257A-4E24-B235-8F7D4D265134}.Debug|Any CPU.ActiveCfg = Debug|Any CPU
		{DCC1B424-257A-4E24-B235-8F7D4D265134}.Debug|Any CPU.Build.0 = Debug|Any CPU
		{DCC1B424-257A-4E24-B235-8F7D4D265134}.Release|Any CPU.ActiveCfg = Release|Any CPU
		{DCC1B424-257A-4E24-B235-8F7D4D265134}.Release|Any CPU.Build.0 = Release|Any CPU
	EndGlobalSection
	GlobalSection(SolutionProperties) = preSolution
		HideSolutionNode = FALSE
	EndGlobalSection
	GlobalSection(ExtensibilityGlobals) = postSolution
		SolutionGuid = {F5045474-CCD2-48A9-A596-F12277AAA778}
	EndGlobalSection
EndGlobal
